// !$*UTF8*$!
{
    archiveVersion = 1;
    classes = {};
    objectVersion = 60;
    objects = {
        A00000000000000000000001 = {isa = PBXProject; attributes = {LastUpgradeCheck = 2640;}; buildConfigurationList = A00000000000000000000002; compatibilityVersion = "Xcode 15.0"; developmentRegion = en; knownRegions = (en, Base); mainGroup = A00000000000000000000003; productRefGroup = A00000000000000000000004; projectDirPath = ""; projectRoot = ""; packageReferences = (A00000000000000000000020); targets = (A00000000000000000000005);};
        A00000000000000000000002 = {isa = XCConfigurationList; buildConfigurations = (A00000000000000000000010, A00000000000000000000011); defaultConfigurationIsVisible = 0; defaultConfigurationName = Release;};
        A00000000000000000000003 = {isa = PBXGroup; children = (A00000000000000000000006, A00000000000000000000007, A00000000000000000000008, A00000000000000000000004); sourceTree = "<group>";};
        A00000000000000000000004 = {isa = PBXGroup; children = (A00000000000000000000009); name = Products; sourceTree = "<group>";};
        A00000000000000000000005 = {isa = PBXNativeTarget; buildConfigurationList = A00000000000000000000012; buildPhases = (A00000000000000000000013, A00000000000000000000014, A00000000000000000000015); buildRules = (); dependencies = (); name = InkletWidgets; packageProductDependencies = (A00000000000000000000021); productName = InkletWidgets; productReference = A00000000000000000000009; productType = "com.apple.product-type.app-extension";};
        A00000000000000000000006 = {isa = PBXFileReference; lastKnownFileType = sourcecode.swift; path = InkletPresentationWidgetBundle.swift; sourceTree = "<group>";};
        A00000000000000000000007 = {isa = PBXFileReference; lastKnownFileType = text.plist.xml; path = Info.plist; sourceTree = "<group>";};
        A00000000000000000000008 = {isa = PBXFileReference; lastKnownFileType = text.plist.entitlements; path = InkletPresentationWidget.entitlements; sourceTree = "<group>";};
        A00000000000000000000009 = {isa = PBXFileReference; explicitFileType = "wrapper.app-extension"; includeInIndex = 0; path = InkletWidgets.appex; sourceTree = BUILT_PRODUCTS_DIR;};
        A00000000000000000000010 = {isa = XCBuildConfiguration; buildSettings = {CLANG_ENABLE_MODULES = YES; MACOSX_DEPLOYMENT_TARGET = 15.0; SDKROOT = macosx; SWIFT_VERSION = 6.0; SWIFT_OPTIMIZATION_LEVEL = "-Onone"; DEBUG_INFORMATION_FORMAT = dwarf;}; name = Debug;};
        A00000000000000000000011 = {isa = XCBuildConfiguration; buildSettings = {CLANG_ENABLE_MODULES = YES; MACOSX_DEPLOYMENT_TARGET = 15.0; SDKROOT = macosx; SWIFT_VERSION = 6.0; SWIFT_COMPILATION_MODE = wholemodule; DEBUG_INFORMATION_FORMAT = "dwarf-with-dsym";}; name = Release;};
        A00000000000000000000012 = {isa = XCConfigurationList; buildConfigurations = (A00000000000000000000016, A00000000000000000000017); defaultConfigurationIsVisible = 0; defaultConfigurationName = Release;};
        A00000000000000000000013 = {isa = PBXSourcesBuildPhase; buildActionMask = 2147483647; files = (A00000000000000000000018); runOnlyForDeploymentPostprocessing = 0;};
        A00000000000000000000014 = {isa = PBXFrameworksBuildPhase; buildActionMask = 2147483647; files = (A00000000000000000000019); runOnlyForDeploymentPostprocessing = 0;};
        A00000000000000000000015 = {isa = PBXResourcesBuildPhase; buildActionMask = 2147483647; files = (); runOnlyForDeploymentPostprocessing = 0;};
        A00000000000000000000016 = {isa = XCBuildConfiguration; buildSettings = {APPLICATION_EXTENSION_API_ONLY = YES; CODE_SIGN_ENTITLEMENTS = InkletPresentationWidget.entitlements; CODE_SIGN_STYLE = Automatic; CURRENT_PROJECT_VERSION = 1; ENABLE_APP_SANDBOX = YES; ENABLE_HARDENED_RUNTIME = YES; GENERATE_INFOPLIST_FILE = YES; INFOPLIST_FILE = Info.plist; INKLET_APP_GROUP = group.com.iminklet.portal; INKLET_WIDGET_STORAGE_MODE = shared; LD_RUNPATH_SEARCH_PATHS = ("$(inherited)", "@executable_path/../Frameworks", "@executable_path/../../../../Frameworks"); MARKETING_VERSION = 0.2.0; PRODUCT_BUNDLE_IDENTIFIER = com.iminklet.mac.widgets; PRODUCT_NAME = "$(TARGET_NAME)"; SKIP_INSTALL = YES; SWIFT_EMIT_LOC_STRINGS = YES;}; name = Debug;};
        A00000000000000000000017 = {isa = XCBuildConfiguration; buildSettings = {APPLICATION_EXTENSION_API_ONLY = YES; CODE_SIGN_ENTITLEMENTS = InkletPresentationWidget.entitlements; CODE_SIGN_STYLE = Automatic; CURRENT_PROJECT_VERSION = 1; ENABLE_APP_SANDBOX = YES; ENABLE_HARDENED_RUNTIME = YES; GENERATE_INFOPLIST_FILE = YES; INFOPLIST_FILE = Info.plist; INKLET_APP_GROUP = group.com.iminklet.portal; INKLET_WIDGET_STORAGE_MODE = shared; LD_RUNPATH_SEARCH_PATHS = ("$(inherited)", "@executable_path/../Frameworks", "@executable_path/../../../../Frameworks"); MARKETING_VERSION = 0.2.0; PRODUCT_BUNDLE_IDENTIFIER = com.iminklet.mac.widgets; PRODUCT_NAME = "$(TARGET_NAME)"; SKIP_INSTALL = YES; SWIFT_EMIT_LOC_STRINGS = YES;}; name = Release;};
        A00000000000000000000018 = {isa = PBXBuildFile; fileRef = A00000000000000000000006;};
        A00000000000000000000019 = {isa = PBXBuildFile; productRef = A00000000000000000000021;};
        A00000000000000000000020 = {isa = XCLocalSwiftPackageReference; relativePath = ..;};
        A00000000000000000000021 = {isa = XCSwiftPackageProductDependency; productName = InkletPresentationWidget;};
    };
    rootObject = A00000000000000000000001;
}
